
Microsoft Visual Studio Solution File, Format Version 12.00
# Visual Studio 15
VisualStudioVersion = 15.0.26730.12
MinimumVisualStudioVersion = 10.0.40219.1
Project("{8BC9CEB8-8B4A-11D0-8D11-00A0C91BC942}") = "moreObjects", "moreObjects\moreObjects.vcxproj", "{4A3B2EA1-D962-4726-BAC4-D342CA3AA898}"
EndProject
Global
	GlobalSection(SolutionConfigurationPlatforms) = preSolution
		Debug|x64 = Debug|x64
		Debug|x86 = Debug|x86
		Release|x64 = Release|x64
		Release|x86 = Release|x86
	EndGlobalSection
	GlobalSection(ProjectConfigurationPlatforms) = postSolution
		{4A3B2EA1-D962-4726-BAC4-D342CA3AA898}.Debug|x64.ActiveCfg = Debug|x64
		{4A3B2EA1-D962-4726-BAC4-D342CA3AA898}.Debug|x64.Build.0 = Debug|x64
		{4A3B2EA1-D962-4726-BAC4-D342CA3AA898}.Debug|x86.ActiveCfg = Debug|Win32
		{4A3B2EA1-D962-4726-BAC4-D342CA3AA898}.Debug|x86.Build.0 = Debug|Win32
		{4A3B2EA1-D962-4726-BAC4-D342CA3AA898}.Release|x64.ActiveCfg = Release|x64
		{4A3B2EA1-D962-4726-BAC4-D342CA3AA898}.Release|x64.Build.0 = Release|x64
		{4A3B2EA1-D962-4726-BAC4-D342CA3AA898}.Release|x86.ActiveCfg = Release|Win32
		{4A3B2EA1-D962-4726-BAC4-D342CA3AA898}.Release|x86.Build.0 = Release|Win32
	EndGlobalSection
	GlobalSection(SolutionProperties) = preSolution
		HideSolutionNode = FALSE
	EndGlobalSection
	GlobalSection(ExtensibilityGlobals) = postSolution
		SolutionGuid = {13801924-AFC0-4344-ABC7-427F0B4B659C}
	EndGlobalSection
EndGlobal
