
Microsoft Visual Studio Solution File, Format Version 12.00
# Visual Studio 15
VisualStudioVersion = 15.0.26730.12
MinimumVisualStudioVersion = 10.0.40219.1
Project("{8BC9CEB8-8B4A-11D0-8D11-00A0C91BC942}") = "conditionals", "conditionals\conditionals.vcxproj", "{AB9743D5-B33B-46D2-961E-9572A3C189CB}"
EndProject
Global
	GlobalSection(SolutionConfigurationPlatforms) = preSolution
		Debug|x64 = Debug|x64
		Debug|x86 = Debug|x86
		Release|x64 = Release|x64
		Release|x86 = Release|x86
	EndGlobalSection
	GlobalSection(ProjectConfigurationPlatforms) = postSolution
		{AB9743D5-B33B-46D2-961E-9572A3C189CB}.Debug|x64.ActiveCfg = Debug|x64
		{AB9743D5-B33B-46D2-961E-9572A3C189CB}.Debug|x64.Build.0 = Debug|x64
		{AB9743D5-B33B-46D2-961E-9572A3C189CB}.Debug|x86.ActiveCfg = Debug|Win32
		{AB9743D5-B33B-46D2-961E-9572A3C189CB}.Debug|x86.Build.0 = Debug|Win32
		{AB9743D5-B33B-46D2-961E-9572A3C189CB}.Release|x64.ActiveCfg = Release|x64
		{AB9743D5-B33B-46D2-961E-9572A3C189CB}.Release|x64.Build.0 = Release|x64
		{AB9743D5-B33B-46D2-961E-9572A3C189CB}.Release|x86.ActiveCfg = Release|Win32
		{AB9743D5-B33B-46D2-961E-9572A3C189CB}.Release|x86.Build.0 = Release|Win32
	EndGlobalSection
	GlobalSection(SolutionProperties) = preSolution
		HideSolutionNode = FALSE
	EndGlobalSection
	GlobalSection(ExtensibilityGlobals) = postSolution
		SolutionGuid = {A5AB6CBE-1A21-47FF-8B9E-73B15E25FDE8}
	EndGlobalSection
EndGlobal
